
Microsoft Visual Studio Solution File, Format Version 12.00
# Visual Studio Version 17
VisualStudioVersion = 17.6.33513.286
MinimumVisualStudioVersion = 10.0.40219.1
Project("{FAE04EC0-301F-11D3-BF4B-00C04F79EFBC}") = "Domain", "Domain\Domain.csproj", "{F9FA844C-C24E-400E-972D-5C065F621B86}"
EndProject
Project("{FAE04EC0-301F-11D3-BF4B-00C04F79EFBC}") = "GUI-Forms", "GUI-Forms\GUI-Forms.csproj", "{726992CC-B0F5-4BB2-BA6F-D328EBBE0967}"
EndProject
Project("{FAE04EC0-301F-11D3-BF4B-00C04F79EFBC}") = "Interfaces", "Interfaces\Interfaces.csproj", "{CB569368-72A1-4097-B32E-F62A4BB70262}"
EndProject
Project("{FAE04EC0-301F-11D3-BF4B-00C04F79EFBC}") = "UnitTests", "UnitTests\UnitTests.csproj", "{7DF6806A-B4D7-406E-9A79-F24A593CD3CA}"
EndProject
Global
	GlobalSection(SolutionConfigurationPlatforms) = preSolution
		Debug|Any CPU = Debug|Any CPU
		Release|Any CPU = Release|Any CPU
	EndGlobalSection
	GlobalSection(ProjectConfigurationPlatforms) = postSolution
		{F9FA844C-C24E-400E-972D-5C065F621B86}.Debug|Any CPU.ActiveCfg = Debug|Any CPU
		{F9FA844C-C24E-400E-972D-5C065F621B86}.Debug|Any CPU.Build.0 = Debug|Any CPU
		{F9FA844C-C24E-400E-972D-5C065F621B86}.Release|Any CPU.ActiveCfg = Release|Any CPU
		{F9FA844C-C24E-400E-972D-5C065F621B86}.Release|Any CPU.Build.0 = Release|Any CPU
		{726992CC-B0F5-4BB2-BA6F-D328EBBE0967}.Debug|Any CPU.ActiveCfg = Debug|Any CPU
		{726992CC-B0F5-4BB2-BA6F-D328EBBE0967}.Debug|Any CPU.Build.0 = Debug|Any CPU
		{726992CC-B0F5-4BB2-BA6F-D328EBBE0967}.Release|Any CPU.ActiveCfg = Release|Any CPU
		{726992CC-B0F5-4BB2-BA6F-D328EBBE0967}.Release|Any CPU.Build.0 = Release|Any CPU
		{CB569368-72A1-4097-B32E-F62A4BB70262}.Debug|Any CPU.ActiveCfg = Debug|Any CPU
		{CB569368-72A1-4097-B32E-F62A4BB70262}.Debug|Any CPU.Build.0 = Debug|Any CPU
		{CB569368-72A1-4097-B32E-F62A4BB70262}.Release|Any CPU.ActiveCfg = Release|Any CPU
		{CB569368-72A1-4097-B32E-F62A4BB70262}.Release|Any CPU.Build.0 = Release|Any CPU
		{7DF6806A-B4D7-406E-9A79-F24A593CD3CA}.Debug|Any CPU.ActiveCfg = Debug|Any CPU
		{7DF6806A-B4D7-406E-9A79-F24A593CD3CA}.Debug|Any CPU.Build.0 = Debug|Any CPU
		{7DF6806A-B4D7-406E-9A79-F24A593CD3CA}.Release|Any CPU.ActiveCfg = Release|Any CPU
		{7DF6806A-B4D7-406E-9A79-F24A593CD3CA}.Release|Any CPU.Build.0 = Release|Any CPU
	EndGlobalSection
	GlobalSection(SolutionProperties) = preSolution
		HideSolutionNode = FALSE
	EndGlobalSection
	GlobalSection(ExtensibilityGlobals) = postSolution
		SolutionGuid = {6FFF4B12-3E5B-466C-8AC0-2F67E48FB044}
	EndGlobalSection
EndGlobal
